
Microsoft Visual Studio Solution File, Format Version 12.00
# Visual Studio Version 16
VisualStudioVersion = 16.0.34902.97
MinimumVisualStudioVersion = 10.0.40219.1
Project("{8BC9CEB8-8B4A-11D0-8D11-00A0C91BC942}") = "推箱子", "推箱子\推箱子.vcxproj", "{6401845C-D3E8-4FFF-9F8D-8C0D69E967EE}"
EndProject
Global
	GlobalSection(SolutionConfigurationPlatforms) = preSolution
		Debug|x64 = Debug|x64
		Debug|x86 = Debug|x86
		Release|x64 = Release|x64
		Release|x86 = Release|x86
	EndGlobalSection
	GlobalSection(ProjectConfigurationPlatforms) = postSolution
		{6401845C-D3E8-4FFF-9F8D-8C0D69E967EE}.Debug|x64.ActiveCfg = Debug|x64
		{6401845C-D3E8-4FFF-9F8D-8C0D69E967EE}.Debug|x64.Build.0 = Debug|x64
		{6401845C-D3E8-4FFF-9F8D-8C0D69E967EE}.Debug|x86.ActiveCfg = Debug|Win32
		{6401845C-D3E8-4FFF-9F8D-8C0D69E967EE}.Debug|x86.Build.0 = Debug|Win32
		{6401845C-D3E8-4FFF-9F8D-8C0D69E967EE}.Release|x64.ActiveCfg = Release|x64
		{6401845C-D3E8-4FFF-9F8D-8C0D69E967EE}.Release|x64.Build.0 = Release|x64
		{6401845C-D3E8-4FFF-9F8D-8C0D69E967EE}.Release|x86.ActiveCfg = Release|Win32
		{6401845C-D3E8-4FFF-9F8D-8C0D69E967EE}.Release|x86.Build.0 = Release|Win32
	EndGlobalSection
	GlobalSection(SolutionProperties) = preSolution
		HideSolutionNode = FALSE
	EndGlobalSection
	GlobalSection(ExtensibilityGlobals) = postSolution
		SolutionGuid = {D0B69538-0B83-4D7C-A1F2-E0835456A1FC}
	EndGlobalSection
EndGlobal
